
Microsoft Visual Studio Solution File, Format Version 12.00
# Visual Studio 15
VisualStudioVersion = 15.0.27130.0
MinimumVisualStudioVersion = 10.0.40219.1
Project("{FAE04EC0-301F-11D3-BF4B-00C04F79EFBC}") = "WebApplication1", "WebApplication1\WebApplication1.csproj", "{BCE0D0E2-9184-4688-BF55-F1CE9CC93084}"
EndProject
Project("{FAE04EC0-301F-11D3-BF4B-00C04F79EFBC}") = "WebApiApplication", "WebApiApplication\WebApiApplication.csproj", "{AF9E4915-0D2F-454B-87F6-7DAAD550BC40}"
EndProject
Project("{E53339B2-1760-4266-BCC7-CA923CBCF16C}") = "docker-compose", "docker-compose.dcproj", "{490A988C-4030-4763-8527-42D6137F7430}"
EndProject
Global
	GlobalSection(SolutionConfigurationPlatforms) = preSolution
		Debug|Any CPU = Debug|Any CPU
		Release|Any CPU = Release|Any CPU
	EndGlobalSection
	GlobalSection(ProjectConfigurationPlatforms) = postSolution
		{BCE0D0E2-9184-4688-BF55-F1CE9CC93084}.Debug|Any CPU.ActiveCfg = Debug|Any CPU
		{BCE0D0E2-9184-4688-BF55-F1CE9CC93084}.Debug|Any CPU.Build.0 = Debug|Any CPU
		{BCE0D0E2-9184-4688-BF55-F1CE9CC93084}.Release|Any CPU.ActiveCfg = Release|Any CPU
		{BCE0D0E2-9184-4688-BF55-F1CE9CC93084}.Release|Any CPU.Build.0 = Release|Any CPU
		{AF9E4915-0D2F-454B-87F6-7DAAD550BC40}.Debug|Any CPU.ActiveCfg = Debug|Any CPU
		{AF9E4915-0D2F-454B-87F6-7DAAD550BC40}.Debug|Any CPU.Build.0 = Debug|Any CPU
		{AF9E4915-0D2F-454B-87F6-7DAAD550BC40}.Release|Any CPU.ActiveCfg = Release|Any CPU
		{AF9E4915-0D2F-454B-87F6-7DAAD550BC40}.Release|Any CPU.Build.0 = Release|Any CPU
		{490A988C-4030-4763-8527-42D6137F7430}.Debug|Any CPU.ActiveCfg = Debug|Any CPU
		{490A988C-4030-4763-8527-42D6137F7430}.Debug|Any CPU.Build.0 = Debug|Any CPU
		{490A988C-4030-4763-8527-42D6137F7430}.Release|Any CPU.ActiveCfg = Release|Any CPU
		{490A988C-4030-4763-8527-42D6137F7430}.Release|Any CPU.Build.0 = Release|Any CPU
	EndGlobalSection
	GlobalSection(SolutionProperties) = preSolution
		HideSolutionNode = FALSE
	EndGlobalSection
	GlobalSection(ExtensibilityGlobals) = postSolution
		SolutionGuid = {3913EEF3-1B89-476F-A463-83539A4B35B9}
	EndGlobalSection
EndGlobal
